
Microsoft Visual Studio Solution File, Format Version 12.00
# Visual Studio 15
Project("{FAE04EC0-301F-11D3-BF4B-00C04F79EFBC}") = "Assembly-CSharp", "Assembly-CSharp.csproj", "{2CF5F0A0-282B-BAAA-CF78-09815FE70D9F}"
EndProject
Project("{FAE04EC0-301F-11D3-BF4B-00C04F79EFBC}") = "Assembly-CSharp-Editor", "Assembly-CSharp-Editor.csproj", "{97C8A5E8-8CE1-BD3C-5323-347AE20D329A}"
EndProject
Global
	GlobalSection(SolutionConfigurationPlatforms) = preSolution
		Debug|Any CPU = Debug|Any CPU
		Release|Any CPU = Release|Any CPU
	EndGlobalSection
	GlobalSection(ProjectConfigurationPlatforms) = postSolution
		{2CF5F0A0-282B-BAAA-CF78-09815FE70D9F}.Debug|Any CPU.ActiveCfg = Debug|Any CPU
		{2CF5F0A0-282B-BAAA-CF78-09815FE70D9F}.Debug|Any CPU.Build.0 = Debug|Any CPU
		{2CF5F0A0-282B-BAAA-CF78-09815FE70D9F}.Release|Any CPU.ActiveCfg = Release|Any CPU
		{2CF5F0A0-282B-BAAA-CF78-09815FE70D9F}.Release|Any CPU.Build.0 = Release|Any CPU
		{97C8A5E8-8CE1-BD3C-5323-347AE20D329A}.Debug|Any CPU.ActiveCfg = Debug|Any CPU
		{97C8A5E8-8CE1-BD3C-5323-347AE20D329A}.Debug|Any CPU.Build.0 = Debug|Any CPU
		{97C8A5E8-8CE1-BD3C-5323-347AE20D329A}.Release|Any CPU.ActiveCfg = Release|Any CPU
		{97C8A5E8-8CE1-BD3C-5323-347AE20D329A}.Release|Any CPU.Build.0 = Release|Any CPU
	EndGlobalSection
	GlobalSection(SolutionProperties) = preSolution
		HideSolutionNode = FALSE
	EndGlobalSection
EndGlobal
